{
  "name": "randomimagepost",
  "version": "1.0.0",
  "lockfileVersion": 3,
  "requires": true,
  "packages": {
    "": {
      "name": "randomimagepost",
      "version": "1.0.0",
      "license": "ISC"
    }
  },
  "type": "module",
"devDependencies": {

    "axios": "^1.6.0",
    "form-data": "^4.0.0"
}
}
